Microsoft Visual Studio Solution File, Format Version 10.00
# Visual Studio 2008
Project("{FAE04EC0-301F-11D3-BF4B-00C04F79EFBC}") = "Core", "Core\Core.csproj", "{9C81B684-40CC-472A-804D-7C0F963315F5}"
EndProject
Project("{FAE04EC0-301F-11D3-BF4B-00C04F79EFBC}") = "Infrastructure", "Infrastructure\Infrastructure.csproj", "{FBE3CFE2-CAC1-4652-9F49-18F35B65123D}"
EndProject
Project("{FAE04EC0-301F-11D3-BF4B-00C04F79EFBC}") = "IntegrationTests", "IntegrationTests\IntegrationTests.csproj", "{9AA9FD4D-58F4-4148-9376-EE09868E2B73}"
EndProject
Project("{FAE04EC0-301F-11D3-BF4B-00C04F79EFBC}") = "UnitTests", "UnitTests\UnitTests.csproj", "{C01DA28B-6F9D-4378-A2DA-884DDFD224B1}"
EndProject
Project("{FAE04EC0-301F-11D3-BF4B-00C04F79EFBC}") = "UI", "UI\UI.csproj", "{98200972-A038-4DA8-8917-CBC4895175DC}"
EndProject
Project("{FAE04EC0-301F-11D3-BF4B-00C04F79EFBC}") = "DependencyResolution", "DependencyResolution\DependencyResolution.csproj", "{3A222037-75A5-4DFF-BA27-9487BF3A8536}"
EndProject
Project("{FAE04EC0-301F-11D3-BF4B-00C04F79EFBC}") = "UITests", "UITests\UITests.csproj", "{472E5A68-10F2-46B5-A935-0C77FE8DAE3C}"
EndProject
Project("{FAE04EC0-301F-11D3-BF4B-00C04F79EFBC}") = "UITestHelper", "UITestHelper\UITestHelper.csproj", "{1A623D88-E936-4251-BD91-0F49F67FBC16}"
EndProject
Project("{FAE04EC0-301F-11D3-BF4B-00C04F79EFBC}") = "Infrastructure.NHibernate", "Infrastructure.NHibernate\Infrastructure.NHibernate.csproj", "{CFBE2871-F3A7-411A-A494-AA0E66CE7B0D}"
EndProject
Project("{FAE04EC0-301F-11D3-BF4B-00C04F79EFBC}") = "Infrastructure.Automapper", "Infrastructure.Automapper\Infrastructure.Automapper.csproj", "{D6EC5B3E-2094-4268-8633-DA498A4C52E2}"
EndProject
Global
	GlobalSection(SolutionConfigurationPlatforms) = preSolution
		AutomatedDebug|Any CPU = AutomatedDebug|Any CPU
		Debug|Any CPU = Debug|Any CPU
		Release|Any CPU = Release|Any CPU
	EndGlobalSection
	GlobalSection(ProjectConfigurationPlatforms) = postSolution
		{9C81B684-40CC-472A-804D-7C0F963315F5}.AutomatedDebug|Any CPU.ActiveCfg = Debug|Any CPU
		{9C81B684-40CC-472A-804D-7C0F963315F5}.AutomatedDebug|Any CPU.Build.0 = Debug|Any CPU
		{9C81B684-40CC-472A-804D-7C0F963315F5}.Debug|Any CPU.ActiveCfg = Debug|Any CPU
		{9C81B684-40CC-472A-804D-7C0F963315F5}.Debug|Any CPU.Build.0 = Debug|Any CPU
		{9C81B684-40CC-472A-804D-7C0F963315F5}.Release|Any CPU.ActiveCfg = Release|Any CPU
		{9C81B684-40CC-472A-804D-7C0F963315F5}.Release|Any CPU.Build.0 = Release|Any CPU
		{FBE3CFE2-CAC1-4652-9F49-18F35B65123D}.AutomatedDebug|Any CPU.ActiveCfg = Debug|Any CPU
		{FBE3CFE2-CAC1-4652-9F49-18F35B65123D}.AutomatedDebug|Any CPU.Build.0 = Debug|Any CPU
		{FBE3CFE2-CAC1-4652-9F49-18F35B65123D}.Debug|Any CPU.ActiveCfg = Debug|Any CPU
		{FBE3CFE2-CAC1-4652-9F49-18F35B65123D}.Debug|Any CPU.Build.0 = Debug|Any CPU
		{FBE3CFE2-CAC1-4652-9F49-18F35B65123D}.Release|Any CPU.ActiveCfg = Release|Any CPU
		{FBE3CFE2-CAC1-4652-9F49-18F35B65123D}.Release|Any CPU.Build.0 = Release|Any CPU
		{9AA9FD4D-58F4-4148-9376-EE09868E2B73}.AutomatedDebug|Any CPU.ActiveCfg = Debug|Any CPU
		{9AA9FD4D-58F4-4148-9376-EE09868E2B73}.AutomatedDebug|Any CPU.Build.0 = Debug|Any CPU
		{9AA9FD4D-58F4-4148-9376-EE09868E2B73}.Debug|Any CPU.ActiveCfg = Debug|Any CPU
		{9AA9FD4D-58F4-4148-9376-EE09868E2B73}.Debug|Any CPU.Build.0 = Debug|Any CPU
		{9AA9FD4D-58F4-4148-9376-EE09868E2B73}.Release|Any CPU.ActiveCfg = Release|Any CPU
		{9AA9FD4D-58F4-4148-9376-EE09868E2B73}.Release|Any CPU.Build.0 = Release|Any CPU
		{C01DA28B-6F9D-4378-A2DA-884DDFD224B1}.AutomatedDebug|Any CPU.ActiveCfg = Debug|Any CPU
		{C01DA28B-6F9D-4378-A2DA-884DDFD224B1}.AutomatedDebug|Any CPU.Build.0 = Debug|Any CPU
		{C01DA28B-6F9D-4378-A2DA-884DDFD224B1}.Debug|Any CPU.ActiveCfg = Debug|Any CPU
		{C01DA28B-6F9D-4378-A2DA-884DDFD224B1}.Debug|Any CPU.Build.0 = Debug|Any CPU
		{C01DA28B-6F9D-4378-A2DA-884DDFD224B1}.Release|Any CPU.ActiveCfg = Release|Any CPU
		{C01DA28B-6F9D-4378-A2DA-884DDFD224B1}.Release|Any CPU.Build.0 = Release|Any CPU
		{98200972-A038-4DA8-8917-CBC4895175DC}.AutomatedDebug|Any CPU.ActiveCfg = Debug|Any CPU
		{98200972-A038-4DA8-8917-CBC4895175DC}.AutomatedDebug|Any CPU.Build.0 = Debug|Any CPU
		{98200972-A038-4DA8-8917-CBC4895175DC}.Debug|Any CPU.ActiveCfg = Debug|Any CPU
		{98200972-A038-4DA8-8917-CBC4895175DC}.Debug|Any CPU.Build.0 = Debug|Any CPU
		{98200972-A038-4DA8-8917-CBC4895175DC}.Release|Any CPU.ActiveCfg = Release|Any CPU
		{98200972-A038-4DA8-8917-CBC4895175DC}.Release|Any CPU.Build.0 = Release|Any CPU
		{3A222037-75A5-4DFF-BA27-9487BF3A8536}.AutomatedDebug|Any CPU.ActiveCfg = Debug|Any CPU
		{3A222037-75A5-4DFF-BA27-9487BF3A8536}.AutomatedDebug|Any CPU.Build.0 = Debug|Any CPU
		{3A222037-75A5-4DFF-BA27-9487BF3A8536}.Debug|Any CPU.ActiveCfg = Debug|Any CPU
		{3A222037-75A5-4DFF-BA27-9487BF3A8536}.Debug|Any CPU.Build.0 = Debug|Any CPU
		{3A222037-75A5-4DFF-BA27-9487BF3A8536}.Release|Any CPU.ActiveCfg = Release|Any CPU
		{3A222037-75A5-4DFF-BA27-9487BF3A8536}.Release|Any CPU.Build.0 = Release|Any CPU
		{472E5A68-10F2-46B5-A935-0C77FE8DAE3C}.AutomatedDebug|Any CPU.ActiveCfg = Debug|Any CPU
		{472E5A68-10F2-46B5-A935-0C77FE8DAE3C}.AutomatedDebug|Any CPU.Build.0 = Debug|Any CPU
		{472E5A68-10F2-46B5-A935-0C77FE8DAE3C}.Debug|Any CPU.ActiveCfg = Debug|Any CPU
		{472E5A68-10F2-46B5-A935-0C77FE8DAE3C}.Debug|Any CPU.Build.0 = Debug|Any CPU
		{472E5A68-10F2-46B5-A935-0C77FE8DAE3C}.Release|Any CPU.ActiveCfg = Release|Any CPU
		{472E5A68-10F2-46B5-A935-0C77FE8DAE3C}.Release|Any CPU.Build.0 = Release|Any CPU
		{1A623D88-E936-4251-BD91-0F49F67FBC16}.AutomatedDebug|Any CPU.ActiveCfg = Debug|Any CPU
		{1A623D88-E936-4251-BD91-0F49F67FBC16}.AutomatedDebug|Any CPU.Build.0 = Debug|Any CPU
		{1A623D88-E936-4251-BD91-0F49F67FBC16}.Debug|Any CPU.ActiveCfg = Debug|Any CPU
		{1A623D88-E936-4251-BD91-0F49F67FBC16}.Debug|Any CPU.Build.0 = Debug|Any CPU
		{1A623D88-E936-4251-BD91-0F49F67FBC16}.Release|Any CPU.ActiveCfg = Release|Any CPU
		{1A623D88-E936-4251-BD91-0F49F67FBC16}.Release|Any CPU.Build.0 = Release|Any CPU
		{CFBE2871-F3A7-411A-A494-AA0E66CE7B0D}.AutomatedDebug|Any CPU.ActiveCfg = Debug|Any CPU
		{CFBE2871-F3A7-411A-A494-AA0E66CE7B0D}.AutomatedDebug|Any CPU.Build.0 = Debug|Any CPU
		{CFBE2871-F3A7-411A-A494-AA0E66CE7B0D}.Debug|Any CPU.ActiveCfg = Debug|Any CPU
		{CFBE2871-F3A7-411A-A494-AA0E66CE7B0D}.Debug|Any CPU.Build.0 = Debug|Any CPU
		{CFBE2871-F3A7-411A-A494-AA0E66CE7B0D}.Release|Any CPU.ActiveCfg = Release|Any CPU
		{CFBE2871-F3A7-411A-A494-AA0E66CE7B0D}.Release|Any CPU.Build.0 = Release|Any CPU
		{D6EC5B3E-2094-4268-8633-DA498A4C52E2}.AutomatedDebug|Any CPU.ActiveCfg = Debug|Any CPU
		{D6EC5B3E-2094-4268-8633-DA498A4C52E2}.AutomatedDebug|Any CPU.Build.0 = Debug|Any CPU
		{D6EC5B3E-2094-4268-8633-DA498A4C52E2}.Debug|Any CPU.ActiveCfg = Debug|Any CPU
		{D6EC5B3E-2094-4268-8633-DA498A4C52E2}.Debug|Any CPU.Build.0 = Debug|Any CPU
		{D6EC5B3E-2094-4268-8633-DA498A4C52E2}.Release|Any CPU.ActiveCfg = Release|Any CPU
		{D6EC5B3E-2094-4268-8633-DA498A4C52E2}.Release|Any CPU.Build.0 = Release|Any CPU
	EndGlobalSection
	GlobalSection(SolutionProperties) = preSolution
		HideSolutionNode = FALSE
	EndGlobalSection
EndGlobal
