
Microsoft Visual Studio Solution File, Format Version 10.00
# Visual Studio 2008
Project("{2150E333-8FDC-42A3-9474-1A3956D46DE8}") = "Solution Items", "Solution Items", "{A178152D-B9A7-4C51-9E7C-E7A7F6FF8C5B}"
	ProjectSection(SolutionItems) = preProject
		..\build.bat = ..\build.bat
		..\clicktobuild.bat = ..\clicktobuild.bat
		..\nant.build = ..\nant.build
		nhibernate-default.cfg.xml = nhibernate-default.cfg.xml
	EndProjectSection
EndProject
Project("{FAE04EC0-301F-11D3-BF4B-00C04F79EFBC}") = "Website", "Website\Website.csproj", "{32475D7A-BE90-4496-B025-C568173E9B48}"
EndProject
Project("{FAE04EC0-301F-11D3-BF4B-00C04F79EFBC}") = "Domain", "Domain\Domain.csproj", "{5D1C1E7E-AD24-41D1-9C15-5BC4ED0FD3EC}"
EndProject
Project("{FAE04EC0-301F-11D3-BF4B-00C04F79EFBC}") = "DataAccess", "DataAccess\DataAccess.csproj", "{C0D2E9CB-D10B-496B-85A1-96023D622860}"
EndProject
Project("{FAE04EC0-301F-11D3-BF4B-00C04F79EFBC}") = "UnitTests", "UnitTests\UnitTests.csproj", "{B765D89C-A297-4A25-881A-730714907CC7}"
EndProject
Project("{FAE04EC0-301F-11D3-BF4B-00C04F79EFBC}") = "IntegrationTests", "IntegrationTests\IntegrationTests.csproj", "{E671922F-EC59-4FE3-BD4F-4DB2D4961DC2}"
EndProject
Global
	GlobalSection(SolutionConfigurationPlatforms) = preSolution
		Debug|Any CPU = Debug|Any CPU
		Release|Any CPU = Release|Any CPU
	EndGlobalSection
	GlobalSection(ProjectConfigurationPlatforms) = postSolution
		{32475D7A-BE90-4496-B025-C568173E9B48}.Debug|Any CPU.ActiveCfg = Debug|Any CPU
		{32475D7A-BE90-4496-B025-C568173E9B48}.Debug|Any CPU.Build.0 = Debug|Any CPU
		{32475D7A-BE90-4496-B025-C568173E9B48}.Release|Any CPU.ActiveCfg = Release|Any CPU
		{32475D7A-BE90-4496-B025-C568173E9B48}.Release|Any CPU.Build.0 = Release|Any CPU
		{5D1C1E7E-AD24-41D1-9C15-5BC4ED0FD3EC}.Debug|Any CPU.ActiveCfg = Debug|Any CPU
		{5D1C1E7E-AD24-41D1-9C15-5BC4ED0FD3EC}.Debug|Any CPU.Build.0 = Debug|Any CPU
		{5D1C1E7E-AD24-41D1-9C15-5BC4ED0FD3EC}.Release|Any CPU.ActiveCfg = Release|Any CPU
		{5D1C1E7E-AD24-41D1-9C15-5BC4ED0FD3EC}.Release|Any CPU.Build.0 = Release|Any CPU
		{C0D2E9CB-D10B-496B-85A1-96023D622860}.Debug|Any CPU.ActiveCfg = Debug|Any CPU
		{C0D2E9CB-D10B-496B-85A1-96023D622860}.Debug|Any CPU.Build.0 = Debug|Any CPU
		{C0D2E9CB-D10B-496B-85A1-96023D622860}.Release|Any CPU.ActiveCfg = Release|Any CPU
		{C0D2E9CB-D10B-496B-85A1-96023D622860}.Release|Any CPU.Build.0 = Release|Any CPU
		{B765D89C-A297-4A25-881A-730714907CC7}.Debug|Any CPU.ActiveCfg = Debug|Any CPU
		{B765D89C-A297-4A25-881A-730714907CC7}.Debug|Any CPU.Build.0 = Debug|Any CPU
		{B765D89C-A297-4A25-881A-730714907CC7}.Release|Any CPU.ActiveCfg = Release|Any CPU
		{B765D89C-A297-4A25-881A-730714907CC7}.Release|Any CPU.Build.0 = Release|Any CPU
		{E671922F-EC59-4FE3-BD4F-4DB2D4961DC2}.Debug|Any CPU.ActiveCfg = Debug|Any CPU
		{E671922F-EC59-4FE3-BD4F-4DB2D4961DC2}.Debug|Any CPU.Build.0 = Debug|Any CPU
		{E671922F-EC59-4FE3-BD4F-4DB2D4961DC2}.Release|Any CPU.ActiveCfg = Release|Any CPU
		{E671922F-EC59-4FE3-BD4F-4DB2D4961DC2}.Release|Any CPU.Build.0 = Release|Any CPU
	EndGlobalSection
	GlobalSection(SolutionProperties) = preSolution
		HideSolutionNode = FALSE
	EndGlobalSection
EndGlobal
